
Microsoft Visual Studio Solution File, Format Version 12.00
# Visual Studio 14
VisualStudioVersion = 14.0.24720.0
MinimumVisualStudioVersion = 10.0.40219.1
Project("{FAE04EC0-301F-11D3-BF4B-00C04F79EFBC}") = "Mazes", "Mazes\Mazes.csproj", "{3D559605-C566-4072-B3CE-5AFE1DDFDE93}"
EndProject
Project("{FAE04EC0-301F-11D3-BF4B-00C04F79EFBC}") = "Server", "Server\Server.csproj", "{D4BAD702-C37D-4969-8B39-7FD3BC131B61}"
EndProject
Project("{FAE04EC0-301F-11D3-BF4B-00C04F79EFBC}") = "Client", "Client\Client.csproj", "{AC3645D9-2388-4DA0-BCBD-AD6D2B7F8974}"
EndProject
Global
	GlobalSection(SolutionConfigurationPlatforms) = preSolution
		Debug|Any CPU = Debug|Any CPU
		Release|Any CPU = Release|Any CPU
	EndGlobalSection
	GlobalSection(ProjectConfigurationPlatforms) = postSolution
		{3D559605-C566-4072-B3CE-5AFE1DDFDE93}.Debug|Any CPU.ActiveCfg = Debug|Any CPU
		{3D559605-C566-4072-B3CE-5AFE1DDFDE93}.Debug|Any CPU.Build.0 = Debug|Any CPU
		{3D559605-C566-4072-B3CE-5AFE1DDFDE93}.Release|Any CPU.ActiveCfg = Release|Any CPU
		{3D559605-C566-4072-B3CE-5AFE1DDFDE93}.Release|Any CPU.Build.0 = Release|Any CPU
		{D4BAD702-C37D-4969-8B39-7FD3BC131B61}.Debug|Any CPU.ActiveCfg = Debug|Any CPU
		{D4BAD702-C37D-4969-8B39-7FD3BC131B61}.Debug|Any CPU.Build.0 = Debug|Any CPU
		{D4BAD702-C37D-4969-8B39-7FD3BC131B61}.Release|Any CPU.ActiveCfg = Release|Any CPU
		{D4BAD702-C37D-4969-8B39-7FD3BC131B61}.Release|Any CPU.Build.0 = Release|Any CPU
		{AC3645D9-2388-4DA0-BCBD-AD6D2B7F8974}.Debug|Any CPU.ActiveCfg = Debug|Any CPU
		{AC3645D9-2388-4DA0-BCBD-AD6D2B7F8974}.Debug|Any CPU.Build.0 = Debug|Any CPU
		{AC3645D9-2388-4DA0-BCBD-AD6D2B7F8974}.Release|Any CPU.ActiveCfg = Release|Any CPU
		{AC3645D9-2388-4DA0-BCBD-AD6D2B7F8974}.Release|Any CPU.Build.0 = Release|Any CPU
	EndGlobalSection
	GlobalSection(SolutionProperties) = preSolution
		HideSolutionNode = FALSE
	EndGlobalSection
EndGlobal
